# This file was autogenerated by Stack.
# You should not edit this file by hand.
# For more information, please see the documentation at:
#   https://docs.haskellstack.org/en/stable/lock_files

packages:
- completed:
    hackage: selective-0.4.1@sha256:7277b46df2352e0c416d12ad625db7990dd9bb0e1e0c909a442e2b29e67bef88,3573
    pantry-tree:
      size: 1160
      sha256: bd30b024ea52d478b8f002f69fee1a344f9450dd457773fa5c41c93f6e742c34
  original:
    hackage: selective-0.4.1@sha256:7277b46df2352e0c416d12ad625db7990dd9bb0e1e0c909a442e2b29e67bef88,3573
snapshots:
- completed:
    size: 523878
    url: https://raw.githubusercontent.com/commercialhaskell/stackage-snapshots/master/lts/14/3.yaml
    sha256: 470c46c27746a48c7c50f829efc0cf00112787a7804ee4ac7a27754658f6d92c
  original: lts-14.3
